
Microsoft Visual Studio Solution File, Format Version 12.00
# Visual Studio Version 16
VisualStudioVersion = 16.0.29025.244
MinimumVisualStudioVersion = 10.0.40219.1
Project("{FAE04EC0-301F-11D3-BF4B-00C04F79EFBC}") = "Fiap.Web.Exercicio", "Fiap.Web.Exercicio\Fiap.Web.Exercicio.csproj", "{676E39D7-72ED-47BC-9DEA-25B213B9BBC5}"
EndProject
Global
	GlobalSection(SolutionConfigurationPlatforms) = preSolution
		Debug|Any CPU = Debug|Any CPU
		Release|Any CPU = Release|Any CPU
	EndGlobalSection
	GlobalSection(ProjectConfigurationPlatforms) = postSolution
		{676E39D7-72ED-47BC-9DEA-25B213B9BBC5}.Debug|Any CPU.ActiveCfg = Debug|Any CPU
		{676E39D7-72ED-47BC-9DEA-25B213B9BBC5}.Debug|Any CPU.Build.0 = Debug|Any CPU
		{676E39D7-72ED-47BC-9DEA-25B213B9BBC5}.Release|Any CPU.ActiveCfg = Release|Any CPU
		{676E39D7-72ED-47BC-9DEA-25B213B9BBC5}.Release|Any CPU.Build.0 = Release|Any CPU
	EndGlobalSection
	GlobalSection(SolutionProperties) = preSolution
		HideSolutionNode = FALSE
	EndGlobalSection
	GlobalSection(ExtensibilityGlobals) = postSolution
		SolutionGuid = {D3645A6E-BAED-4B15-A0F7-BDE6D5D06C36}
	EndGlobalSection
EndGlobal
